
Microsoft Visual Studio Solution File, Format Version 12.00
# Visual Studio Version 17
VisualStudioVersion = 17.5.33516.290
MinimumVisualStudioVersion = 10.0.40219.1
Project("{2150E333-8FDC-42A3-9474-1A3956D46DE8}") = "src", "src", "{D3C203EE-B52A-4E2C-8A44-6C43DBE1AA58}"
EndProject
Project("{2150E333-8FDC-42A3-9474-1A3956D46DE8}") = "test", "test", "{C55C62AD-46B4-4202-B7E3-DCB206EBC656}"
EndProject
Project("{2150E333-8FDC-42A3-9474-1A3956D46DE8}") = "API", "API", "{ADC397A7-6AB2-48F8-AF3F-24A016B666B2}"
EndProject
Project("{2150E333-8FDC-42A3-9474-1A3956D46DE8}") = "Core", "Core", "{9CB6B188-AC81-47DB-9D9C-590273CB53E2}"
EndProject
Project("{2150E333-8FDC-42A3-9474-1A3956D46DE8}") = "Infrastructure", "Infrastructure", "{FB83B0EE-763F-4AE9-80F5-EED42F603F57}"
EndProject
Project("{2150E333-8FDC-42A3-9474-1A3956D46DE8}") = "UI", "UI", "{F19DC43E-D6A3-4D6C-841C-62AD5907CC23}"
EndProject
Project("{9A19103F-16F7-4668-BE54-9A1E7A4F7556}") = "SL.TicketManagement.Domain", "SL.TicketManagement.Domain\SL.TicketManagement.Domain.csproj", "{80ACF22C-CE4E-47E4-B72C-3CC2AE8B0869}"
EndProject
Project("{9A19103F-16F7-4668-BE54-9A1E7A4F7556}") = "SL.TicketManagement.Application", "SL.TicketManagement.Application\SL.TicketManagement.Application.csproj", "{1C8B8CD3-71D2-4052-9AE0-F54F1A2BFA79}"
EndProject
Project("{9A19103F-16F7-4668-BE54-9A1E7A4F7556}") = "SL.TicketManagement.Persistence", "SL.TicketManagement.Persistence\SL.TicketManagement.Persistence.csproj", "{4F80A774-1A53-47E1-8429-1D8B8D5E2B69}"
EndProject
Project("{9A19103F-16F7-4668-BE54-9A1E7A4F7556}") = "SL.TicketManagement.Infrastructure", "SL.TicketManagement.Infrastructure\SL.TicketManagement.Infrastructure.csproj", "{CFEAFF39-E607-4A5F-8EEC-528E96C8476D}"
EndProject
Project("{FAE04EC0-301F-11D3-BF4B-00C04F79EFBC}") = "SL.TicketManagement.Api", "SL.TicketManagement.Api\SL.TicketManagement.Api.csproj", "{BD0D106B-7282-4151-A6BB-5E8BC0E9D2EF}"
EndProject
Project("{FAE04EC0-301F-11D3-BF4B-00C04F79EFBC}") = "SL.TicketManagement.Application.UnitTests", "SL.TicketManagement.Application.UnitTests\SL.TicketManagement.Application.UnitTests.csproj", "{5FB8D301-9C86-4DB6-9AD0-5A2E683FE292}"
EndProject
Global
	GlobalSection(SolutionConfigurationPlatforms) = preSolution
		Debug|Any CPU = Debug|Any CPU
		Release|Any CPU = Release|Any CPU
	EndGlobalSection
	GlobalSection(ProjectConfigurationPlatforms) = postSolution
		{80ACF22C-CE4E-47E4-B72C-3CC2AE8B0869}.Debug|Any CPU.ActiveCfg = Debug|Any CPU
		{80ACF22C-CE4E-47E4-B72C-3CC2AE8B0869}.Debug|Any CPU.Build.0 = Debug|Any CPU
		{80ACF22C-CE4E-47E4-B72C-3CC2AE8B0869}.Release|Any CPU.ActiveCfg = Release|Any CPU
		{80ACF22C-CE4E-47E4-B72C-3CC2AE8B0869}.Release|Any CPU.Build.0 = Release|Any CPU
		{1C8B8CD3-71D2-4052-9AE0-F54F1A2BFA79}.Debug|Any CPU.ActiveCfg = Debug|Any CPU
		{1C8B8CD3-71D2-4052-9AE0-F54F1A2BFA79}.Debug|Any CPU.Build.0 = Debug|Any CPU
		{1C8B8CD3-71D2-4052-9AE0-F54F1A2BFA79}.Release|Any CPU.ActiveCfg = Release|Any CPU
		{1C8B8CD3-71D2-4052-9AE0-F54F1A2BFA79}.Release|Any CPU.Build.0 = Release|Any CPU
		{4F80A774-1A53-47E1-8429-1D8B8D5E2B69}.Debug|Any CPU.ActiveCfg = Debug|Any CPU
		{4F80A774-1A53-47E1-8429-1D8B8D5E2B69}.Debug|Any CPU.Build.0 = Debug|Any CPU
		{4F80A774-1A53-47E1-8429-1D8B8D5E2B69}.Release|Any CPU.ActiveCfg = Release|Any CPU
		{4F80A774-1A53-47E1-8429-1D8B8D5E2B69}.Release|Any CPU.Build.0 = Release|Any CPU
		{CFEAFF39-E607-4A5F-8EEC-528E96C8476D}.Debug|Any CPU.ActiveCfg = Debug|Any CPU
		{CFEAFF39-E607-4A5F-8EEC-528E96C8476D}.Debug|Any CPU.Build.0 = Debug|Any CPU
		{CFEAFF39-E607-4A5F-8EEC-528E96C8476D}.Release|Any CPU.ActiveCfg = Release|Any CPU
		{CFEAFF39-E607-4A5F-8EEC-528E96C8476D}.Release|Any CPU.Build.0 = Release|Any CPU
		{BD0D106B-7282-4151-A6BB-5E8BC0E9D2EF}.Debug|Any CPU.ActiveCfg = Debug|Any CPU
		{BD0D106B-7282-4151-A6BB-5E8BC0E9D2EF}.Debug|Any CPU.Build.0 = Debug|Any CPU
		{BD0D106B-7282-4151-A6BB-5E8BC0E9D2EF}.Release|Any CPU.ActiveCfg = Release|Any CPU
		{BD0D106B-7282-4151-A6BB-5E8BC0E9D2EF}.Release|Any CPU.Build.0 = Release|Any CPU
		{5FB8D301-9C86-4DB6-9AD0-5A2E683FE292}.Debug|Any CPU.ActiveCfg = Debug|Any CPU
		{5FB8D301-9C86-4DB6-9AD0-5A2E683FE292}.Debug|Any CPU.Build.0 = Debug|Any CPU
		{5FB8D301-9C86-4DB6-9AD0-5A2E683FE292}.Release|Any CPU.ActiveCfg = Release|Any CPU
		{5FB8D301-9C86-4DB6-9AD0-5A2E683FE292}.Release|Any CPU.Build.0 = Release|Any CPU
	EndGlobalSection
	GlobalSection(SolutionProperties) = preSolution
		HideSolutionNode = FALSE
	EndGlobalSection
	GlobalSection(NestedProjects) = preSolution
		{ADC397A7-6AB2-48F8-AF3F-24A016B666B2} = {D3C203EE-B52A-4E2C-8A44-6C43DBE1AA58}
		{9CB6B188-AC81-47DB-9D9C-590273CB53E2} = {D3C203EE-B52A-4E2C-8A44-6C43DBE1AA58}
		{FB83B0EE-763F-4AE9-80F5-EED42F603F57} = {D3C203EE-B52A-4E2C-8A44-6C43DBE1AA58}
		{F19DC43E-D6A3-4D6C-841C-62AD5907CC23} = {D3C203EE-B52A-4E2C-8A44-6C43DBE1AA58}
		{80ACF22C-CE4E-47E4-B72C-3CC2AE8B0869} = {9CB6B188-AC81-47DB-9D9C-590273CB53E2}
		{1C8B8CD3-71D2-4052-9AE0-F54F1A2BFA79} = {9CB6B188-AC81-47DB-9D9C-590273CB53E2}
		{4F80A774-1A53-47E1-8429-1D8B8D5E2B69} = {FB83B0EE-763F-4AE9-80F5-EED42F603F57}
		{CFEAFF39-E607-4A5F-8EEC-528E96C8476D} = {FB83B0EE-763F-4AE9-80F5-EED42F603F57}
		{BD0D106B-7282-4151-A6BB-5E8BC0E9D2EF} = {ADC397A7-6AB2-48F8-AF3F-24A016B666B2}
		{5FB8D301-9C86-4DB6-9AD0-5A2E683FE292} = {C55C62AD-46B4-4202-B7E3-DCB206EBC656}
	EndGlobalSection
	GlobalSection(ExtensibilityGlobals) = postSolution
		SolutionGuid = {127EF96E-176F-494C-AED0-F4CE274550EC}
	EndGlobalSection
EndGlobal
